
Microsoft Visual Studio Solution File, Format Version 12.00
# Visual Studio Version 16
VisualStudioVersion = 16.0.29411.108
MinimumVisualStudioVersion = 10.0.40219.1
Project("{9A19103F-16F7-4668-BE54-9A1E7A4F7556}") = "NBTExplorer", "NBTExplorer\NBTExplorer.csproj", "{323FD011-B150-46DD-8F61-00B62F5FD699}"
EndProject
Project("{9A19103F-16F7-4668-BE54-9A1E7A4F7556}") = "NBTModel", "NBTModel\NBTModel.csproj", "{5F410914-629D-45EB-8297-0EC643E1A3DC}"
EndProject
Project("{9A19103F-16F7-4668-BE54-9A1E7A4F7556}") = "NBTUtil", "NBTUtil\NBTUtil.csproj", "{D79379F2-9743-42BD-B1C4-2C73F1D49EB8}"
EndProject
Project("{9A19103F-16F7-4668-BE54-9A1E7A4F7556}") = "Substrate", "Substrate\Substrate.csproj", "{641BD5C3-CA3A-4541-87D0-A07267E62AB5}"
EndProject
Global
	GlobalSection(SolutionConfigurationPlatforms) = preSolution
		Debug|Any CPU = Debug|Any CPU
		Release|Any CPU = Release|Any CPU
	EndGlobalSection
	GlobalSection(ProjectConfigurationPlatforms) = postSolution
		{323FD011-B150-46DD-8F61-00B62F5FD699}.Debug|Any CPU.ActiveCfg = Debug|Any CPU
		{323FD011-B150-46DD-8F61-00B62F5FD699}.Debug|Any CPU.Build.0 = Debug|Any CPU
		{323FD011-B150-46DD-8F61-00B62F5FD699}.Release|Any CPU.ActiveCfg = Release|Any CPU
		{323FD011-B150-46DD-8F61-00B62F5FD699}.Release|Any CPU.Build.0 = Release|Any CPU
		{5F410914-629D-45EB-8297-0EC643E1A3DC}.Debug|Any CPU.ActiveCfg = Debug|Any CPU
		{5F410914-629D-45EB-8297-0EC643E1A3DC}.Debug|Any CPU.Build.0 = Debug|Any CPU
		{5F410914-629D-45EB-8297-0EC643E1A3DC}.Release|Any CPU.ActiveCfg = Release|Any CPU
		{5F410914-629D-45EB-8297-0EC643E1A3DC}.Release|Any CPU.Build.0 = Release|Any CPU
		{D79379F2-9743-42BD-B1C4-2C73F1D49EB8}.Debug|Any CPU.ActiveCfg = Debug|Any CPU
		{D79379F2-9743-42BD-B1C4-2C73F1D49EB8}.Debug|Any CPU.Build.0 = Debug|Any CPU
		{D79379F2-9743-42BD-B1C4-2C73F1D49EB8}.Release|Any CPU.ActiveCfg = Release|Any CPU
		{D79379F2-9743-42BD-B1C4-2C73F1D49EB8}.Release|Any CPU.Build.0 = Release|Any CPU
		{641BD5C3-CA3A-4541-87D0-A07267E62AB5}.Debug|Any CPU.ActiveCfg = Debug|Any CPU
		{641BD5C3-CA3A-4541-87D0-A07267E62AB5}.Debug|Any CPU.Build.0 = Debug|Any CPU
		{641BD5C3-CA3A-4541-87D0-A07267E62AB5}.Release|Any CPU.ActiveCfg = Release|Any CPU
		{641BD5C3-CA3A-4541-87D0-A07267E62AB5}.Release|Any CPU.Build.0 = Release|Any CPU
	EndGlobalSection
	GlobalSection(SolutionProperties) = preSolution
		HideSolutionNode = FALSE
	EndGlobalSection
	GlobalSection(ExtensibilityGlobals) = postSolution
		SolutionGuid = {730C4BA5-5D27-4986-B81C-D896A41A7303}
	EndGlobalSection
	GlobalSection(MonoDevelopProperties) = preSolution
		StartupItem = NBTExplorerMac.csproj
	EndGlobalSection
EndGlobal
